<?xml version="1.0" encoding="utf-8"?>
<Project ToolsVersion="4.0" xmlns="http://schemas.microsoft.com/developer/msbuild/2003">
  <ItemGroup>
    <Filter Include="Source Files">
      <UniqueIdentifier>{5ecce029-9c99-4cc9-bad1-fb29ddf49975}</UniqueIdentifier>
    </Filter>
    <Filter Include="Source Files\Parser">
      <UniqueIdentifier>{afac4785-4b57-40af-bc90-38f5279d2ecb}</UniqueIdentifier>
    </Filter>
    <Filter Include="Source Files\EntHero">
      <UniqueIdentifier>{eb77be65-29a2-42a6-9866-0e78001bb484}</UniqueIdentifier>
    </Filter>
    <Filter Include="Source Files\EntSlayer">
      <UniqueIdentifier>{f8dc7a7e-0acc-4eeb-a0c3-50bbaa1923ea}</UniqueIdentifier>
    </Filter>
    <Filter Include="Source Files\EntHero\Meathook">
      <UniqueIdentifier>{d37ee6db-e3f0-4b3e-9278-eaf89fb71895}</UniqueIdentifier>
    </Filter>
  </ItemGroup>
  <ItemGroup>
    <ClCompile Include="EntHero\prefs.cpp">
      <Filter>Source Files\EntHero</Filter>
    </ClCompile>
    <ClCompile Include="EntSlayer\Application.cpp">
      <Filter>Source Files\EntSlayer</Filter>
    </ClCompile>
    <ClCompile Include="EntHero\RPCInterface\meathook_interface_c.c">
      <Filter>Source Files\EntHero\Meathook</Filter>
    </ClCompile>
    <ClCompile Include="EntHero\RPCInterface\mhclient.cpp">
      <Filter>Source Files\EntHero\Meathook</Filter>
    </ClCompile>
    <ClCompile Include="EntSlayer\EntityEditor.cpp">
      <Filter>Source Files\EntSlayer</Filter>
    </ClCompile>
    <ClCompile Include="EntSlayer\EntityFrame.cpp">
      <Filter>Source Files\EntSlayer</Filter>
    </ClCompile>
    <ClCompile Include="EntSlayer\EntityTab.cpp">
      <Filter>Source Files\EntSlayer</Filter>
    </ClCompile>
    <ClCompile Include="EntSlayer\FilterMenus.cpp">
      <Filter>Source Files\EntSlayer</Filter>
    </ClCompile>
    <ClCompile Include="Parser\EntityLogger.cpp">
      <Filter>Source Files\Parser</Filter>
    </ClCompile>
    <ClCompile Include="Parser\Oodle.cpp">
      <Filter>Source Files\Parser</Filter>
    </ClCompile>
    <ClCompile Include="Parser\EntityNode.cpp">
      <Filter>Source Files\Parser</Filter>
    </ClCompile>
    <ClCompile Include="Parser\EntityParser.cpp">
      <Filter>Source Files\Parser</Filter>
    </ClCompile>
    <ClCompile Include="EntSlayer\Meathook.cpp">
      <Filter>Source Files\EntSlayer</Filter>
    </ClCompile>
    <ClCompile Include="EntSlayer\Config.cpp">
      <Filter>Source Files\EntSlayer</Filter>
    </ClCompile>
    <ClCompile Include="Parser\GenericBlockAllocator.cpp" />
    <ClCompile Include="EntSlayer\EntityFolderDialog.cpp" />
    <ClCompile Include="Parser\EntityDiff.cpp" />
  </ItemGroup>
  <ItemGroup>
    <ClInclude Include="Parser\EntityLogger.h">
      <Filter>Source Files\Parser</Filter>
    </ClInclude>
    <ClInclude Include="Parser\EntityNode.h">
      <Filter>Source Files\Parser</Filter>
    </ClInclude>
    <ClInclude Include="Parser\EntityParser.h">
      <Filter>Source Files\Parser</Filter>
    </ClInclude>
    <ClInclude Include="Parser\GenericBlockAllocator.h">
      <Filter>Source Files\Parser</Filter>
    </ClInclude>
    <ClInclude Include="Parser\Oodle.h">
      <Filter>Source Files\Parser</Filter>
    </ClInclude>
    <ClInclude Include="EntHero\prefs.h">
      <Filter>Source Files\EntHero</Filter>
    </ClInclude>
    <ClInclude Include="EntSlayer\EntityTab.h">
      <Filter>Source Files\EntSlayer</Filter>
    </ClInclude>
    <ClInclude Include="EntSlayer\EntityEditor.h">
      <Filter>Source Files\EntSlayer</Filter>
    </ClInclude>
    <ClInclude Include="EntSlayer\EntityFrame.h">
      <Filter>Source Files\EntSlayer</Filter>
    </ClInclude>
    <ClInclude Include="EntSlayer\FilterMenus.h">
      <Filter>Source Files\EntSlayer</Filter>
    </ClInclude>
    <ClInclude Include="EntHero\RPCInterface\meathook_interface.h">
      <Filter>Source Files\EntHero\Meathook</Filter>
    </ClInclude>
    <ClInclude Include="EntHero\RPCInterface\mhclient.h">
      <Filter>Source Files\EntHero\Meathook</Filter>
    </ClInclude>
    <ClInclude Include="EntSlayer\Meathook.h">
      <Filter>Source Files\EntSlayer</Filter>
    </ClInclude>
    <ClInclude Include="EntSlayer\Config.h">
      <Filter>Source Files\EntSlayer</Filter>
    </ClInclude>
    <ClInclude Include="EntSlayer\EntityProfiler.h" />
    <ClInclude Include="EntSlayer\EntityFolderDialog.h" />
    <ClInclude Include="Parser\ParserConfig.h" />
    <ClInclude Include="Parser\EntityDiff.h" />
  </ItemGroup>
</Project>